
Microsoft Visual Studio Solution File, Format Version 12.00
# Visual Studio Version 17
VisualStudioVersion = 17.8.34316.72
MinimumVisualStudioVersion = 10.0.40219.1
Project("{FAE04EC0-301F-11D3-BF4B-00C04F79EFBC}") = "VRC-OSC-Handy", "VRC-OSC-Handy\VRC-OSC-Handy.csproj", "{D901DF92-FC7C-452F-8544-C7CEF70794FC}"
EndProject
Global
	GlobalSection(SolutionConfigurationPlatforms) = preSolution
		Debug|Any CPU = Debug|Any CPU
		Debug|x64 = Debug|x64
		Release|Any CPU = Release|Any CPU
		Release|x64 = Release|x64
	EndGlobalSection
	GlobalSection(ProjectConfigurationPlatforms) = postSolution
		{D901DF92-FC7C-452F-8544-C7CEF70794FC}.Debug|Any CPU.ActiveCfg = Debug|Any CPU
		{D901DF92-FC7C-452F-8544-C7CEF70794FC}.Debug|Any CPU.Build.0 = Debug|Any CPU
		{D901DF92-FC7C-452F-8544-C7CEF70794FC}.Debug|x64.ActiveCfg = Debug|x64
		{D901DF92-FC7C-452F-8544-C7CEF70794FC}.Debug|x64.Build.0 = Debug|x64
		{D901DF92-FC7C-452F-8544-C7CEF70794FC}.Release|Any CPU.ActiveCfg = Release|Any CPU
		{D901DF92-FC7C-452F-8544-C7CEF70794FC}.Release|Any CPU.Build.0 = Release|Any CPU
		{D901DF92-FC7C-452F-8544-C7CEF70794FC}.Release|x64.ActiveCfg = Release|x64
		{D901DF92-FC7C-452F-8544-C7CEF70794FC}.Release|x64.Build.0 = Release|x64
	EndGlobalSection
	GlobalSection(SolutionProperties) = preSolution
		HideSolutionNode = FALSE
	EndGlobalSection
	GlobalSection(ExtensibilityGlobals) = postSolution
		SolutionGuid = {81CDD17D-03C5-4DC8-92DD-582EFDDB4AC5}
	EndGlobalSection
EndGlobal
